
Microsoft Visual Studio Solution File, Format Version 12.00
# Visual Studio Version 17
VisualStudioVersion = 17.10.34916.146
MinimumVisualStudioVersion = 10.0.40219.1
Project("{9A19103F-16F7-4668-BE54-9A1E7A4F7556}") = "2", "OOP\2.csproj", "{CC8B5ED6-AA8E-481A-BE74-638BB719ABD0}"
EndProject
Project("{9A19103F-16F7-4668-BE54-9A1E7A4F7556}") = "1", "1\1.csproj", "{0BB16E74-D984-4A66-B212-087EAF4AC378}"
EndProject
Project("{9A19103F-16F7-4668-BE54-9A1E7A4F7556}") = "3", "3\3.csproj", "{692F9F46-E795-4D77-A451-424585FDB610}"
EndProject
Project("{9A19103F-16F7-4668-BE54-9A1E7A4F7556}") = "4", "4\4.csproj", "{644F3A83-7932-4B83-AD25-0F96344E1A44}"
EndProject
Project("{FAE04EC0-301F-11D3-BF4B-00C04F79EFBC}") = "5", "..\OOP1\5\5.csproj", "{A40C4574-727F-44BA-B5A6-D3FCA3152A80}"
EndProject
Global
	GlobalSection(SolutionConfigurationPlatforms) = preSolution
		Debug|Any CPU = Debug|Any CPU
		Release|Any CPU = Release|Any CPU
	EndGlobalSection
	GlobalSection(ProjectConfigurationPlatforms) = postSolution
		{CC8B5ED6-AA8E-481A-BE74-638BB719ABD0}.Debug|Any CPU.ActiveCfg = Debug|Any CPU
		{CC8B5ED6-AA8E-481A-BE74-638BB719ABD0}.Debug|Any CPU.Build.0 = Debug|Any CPU
		{CC8B5ED6-AA8E-481A-BE74-638BB719ABD0}.Release|Any CPU.ActiveCfg = Release|Any CPU
		{CC8B5ED6-AA8E-481A-BE74-638BB719ABD0}.Release|Any CPU.Build.0 = Release|Any CPU
		{0BB16E74-D984-4A66-B212-087EAF4AC378}.Debug|Any CPU.ActiveCfg = Debug|Any CPU
		{0BB16E74-D984-4A66-B212-087EAF4AC378}.Debug|Any CPU.Build.0 = Debug|Any CPU
		{0BB16E74-D984-4A66-B212-087EAF4AC378}.Release|Any CPU.ActiveCfg = Release|Any CPU
		{0BB16E74-D984-4A66-B212-087EAF4AC378}.Release|Any CPU.Build.0 = Release|Any CPU
		{692F9F46-E795-4D77-A451-424585FDB610}.Debug|Any CPU.ActiveCfg = Debug|Any CPU
		{692F9F46-E795-4D77-A451-424585FDB610}.Debug|Any CPU.Build.0 = Debug|Any CPU
		{692F9F46-E795-4D77-A451-424585FDB610}.Release|Any CPU.ActiveCfg = Release|Any CPU
		{692F9F46-E795-4D77-A451-424585FDB610}.Release|Any CPU.Build.0 = Release|Any CPU
		{644F3A83-7932-4B83-AD25-0F96344E1A44}.Debug|Any CPU.ActiveCfg = Debug|Any CPU
		{644F3A83-7932-4B83-AD25-0F96344E1A44}.Debug|Any CPU.Build.0 = Debug|Any CPU
		{644F3A83-7932-4B83-AD25-0F96344E1A44}.Release|Any CPU.ActiveCfg = Release|Any CPU
		{644F3A83-7932-4B83-AD25-0F96344E1A44}.Release|Any CPU.Build.0 = Release|Any CPU
		{A40C4574-727F-44BA-B5A6-D3FCA3152A80}.Debug|Any CPU.ActiveCfg = Debug|Any CPU
		{A40C4574-727F-44BA-B5A6-D3FCA3152A80}.Debug|Any CPU.Build.0 = Debug|Any CPU
		{A40C4574-727F-44BA-B5A6-D3FCA3152A80}.Release|Any CPU.ActiveCfg = Release|Any CPU
		{A40C4574-727F-44BA-B5A6-D3FCA3152A80}.Release|Any CPU.Build.0 = Release|Any CPU
	EndGlobalSection
	GlobalSection(SolutionProperties) = preSolution
		HideSolutionNode = FALSE
	EndGlobalSection
	GlobalSection(ExtensibilityGlobals) = postSolution
		SolutionGuid = {55BF7A8C-64B8-495B-AA09-00EC096B5F46}
	EndGlobalSection
EndGlobal
